
Microsoft Visual Studio Solution File, Format Version 12.00
# Visual Studio Version 16
VisualStudioVersion = 16.0.810.22
MinimumVisualStudioVersion = 10.0.40219.1
Project("{FAE04EC0-301F-11D3-BF4B-00C04F79EFBC}") = "BulkyBookWeb", "BulkyBookWeb.csproj", "{E46F06C0-7700-4C54-AE70-6EB39887768F}"
EndProject
Global
	GlobalSection(SolutionConfigurationPlatforms) = preSolution
		Debug|Any CPU = Debug|Any CPU
		Release|Any CPU = Release|Any CPU
	EndGlobalSection
	GlobalSection(ProjectConfigurationPlatforms) = postSolution
		{E46F06C0-7700-4C54-AE70-6EB39887768F}.Debug|Any CPU.ActiveCfg = Debug|Any CPU
		{E46F06C0-7700-4C54-AE70-6EB39887768F}.Debug|Any CPU.Build.0 = Debug|Any CPU
		{E46F06C0-7700-4C54-AE70-6EB39887768F}.Release|Any CPU.ActiveCfg = Release|Any CPU
		{E46F06C0-7700-4C54-AE70-6EB39887768F}.Release|Any CPU.Build.0 = Release|Any CPU
	EndGlobalSection
	GlobalSection(SolutionProperties) = preSolution
		HideSolutionNode = FALSE
	EndGlobalSection
	GlobalSection(ExtensibilityGlobals) = postSolution
		SolutionGuid = {2E70B73F-EC60-47B2-8A7D-CD76A8F576A6}
	EndGlobalSection
EndGlobal
